
Microsoft Visual Studio Solution File, Format Version 12.00
# Visual Studio Version 17
VisualStudioVersion = 17.7.34221.43
MinimumVisualStudioVersion = 10.0.40219.1
Project("{FAE04EC0-301F-11D3-BF4B-00C04F79EFBC}") = "Assignment10", "Assignment10.csproj", "{7E706AF7-7445-47CF-B4A6-69BE1B0EF13C}"
EndProject
Global
	GlobalSection(SolutionConfigurationPlatforms) = preSolution
		Debug|Any CPU = Debug|Any CPU
		Release|Any CPU = Release|Any CPU
	EndGlobalSection
	GlobalSection(ProjectConfigurationPlatforms) = postSolution
		{7E706AF7-7445-47CF-B4A6-69BE1B0EF13C}.Debug|Any CPU.ActiveCfg = Debug|Any CPU
		{7E706AF7-7445-47CF-B4A6-69BE1B0EF13C}.Debug|Any CPU.Build.0 = Debug|Any CPU
		{7E706AF7-7445-47CF-B4A6-69BE1B0EF13C}.Release|Any CPU.ActiveCfg = Release|Any CPU
		{7E706AF7-7445-47CF-B4A6-69BE1B0EF13C}.Release|Any CPU.Build.0 = Release|Any CPU
	EndGlobalSection
	GlobalSection(SolutionProperties) = preSolution
		HideSolutionNode = FALSE
	EndGlobalSection
	GlobalSection(ExtensibilityGlobals) = postSolution
		SolutionGuid = {A065EABC-AF94-41CA-AD37-EB1D9C433638}
	EndGlobalSection
EndGlobal
